// !$*UTF8*$!
{
	archiveVersion = 1;
	classes = {
	};
	objectVersion = 56;
	objects = {

/* Begin PBXBuildFile section */
		0749ED1132D90228B841D181 /* Pods_RememberViewCode_RememberViewCodeUITests.framework in Frameworks */ = {isa = PBXBuildFile; fileRef = 3F06B672CEC87270D29BE987 /* Pods_RememberViewCode_RememberViewCodeUITests.framework */; };
		3BD4CBB783B7A3C98BEEFE14 /* Pods_RememberViewCodeTests.framework in Frameworks */ = {isa = PBXBuildFile; fileRef = 6EAD7504D81DC5876A5D9AC8 /* Pods_RememberViewCodeTests.framework */; };
		81988401A82431F92F8867FA /* Pods_RememberViewCode.framework in Frameworks */ = {isa = PBXBuildFile; fileRef = CBDCB9893801D084F4CFE68E /* Pods_RememberViewCode.framework */; };
		A41269612A64A3740017A45D /* KeyboardManager.swift in Sources */ = {isa = PBXBuildFile; fileRef = A41269602A64A3740017A45D /* KeyboardManager.swift */; };
		A41D70FC2A50B02E00E889C1 /* AppDelegate.swift in Sources */ = {isa = PBXBuildFile; fileRef = A41D70FB2A50B02E00E889C1 /* AppDelegate.swift */; };
		A41D70FE2A50B02E00E889C1 /* SceneDelegate.swift in Sources */ = {isa = PBXBuildFile; fileRef = A41D70FD2A50B02E00E889C1 /* SceneDelegate.swift */; };
		A41D71002A50B02E00E889C1 /* ViewController.swift in Sources */ = {isa = PBXBuildFile; fileRef = A41D70FF2A50B02E00E889C1 /* ViewController.swift */; };
		A41D71052A50B03000E889C1 /* Assets.xcassets in Resources */ = {isa = PBXBuildFile; fileRef = A41D71042A50B03000E889C1 /* Assets.xcassets */; };
		A41D71082A50B03000E889C1 /* LaunchScreen.storyboard in Resources */ = {isa = PBXBuildFile; fileRef = A41D71062A50B03000E889C1 /* LaunchScreen.storyboard */; };
		A41D71132A50B03000E889C1 /* RememberViewCodeTests.swift in Sources */ = {isa = PBXBuildFile; fileRef = A41D71122A50B03000E889C1 /* RememberViewCodeTests.swift */; };
		A41D711D2A50B03000E889C1 /* RememberViewCodeUITests.swift in Sources */ = {isa = PBXBuildFile; fileRef = A41D711C2A50B03000E889C1 /* RememberViewCodeUITests.swift */; };
		A41D711F2A50B03000E889C1 /* RememberViewCodeUITestsLaunchTests.swift in Sources */ = {isa = PBXBuildFile; fileRef = A41D711E2A50B03000E889C1 /* RememberViewCodeUITestsLaunchTests.swift */; };
		A41FD7602A510426001C360B /* ViewControllerView.swift in Sources */ = {isa = PBXBuildFile; fileRef = A41FD75F2A510426001C360B /* ViewControllerView.swift */; };
		A4C2EFE72A6474AD0007866F /* ViewControllerInitializer.swift in Sources */ = {isa = PBXBuildFile; fileRef = A4C2EFE62A6474AD0007866F /* ViewControllerInitializer.swift */; };
		A4C2EFE92A6475300007866F /* ViewControllerCoordinator.swift in Sources */ = {isa = PBXBuildFile; fileRef = A4C2EFE82A6475300007866F /* ViewControllerCoordinator.swift */; };
		A4D25A2F2A64783200553DED /* ViewControllerDataStore.swift in Sources */ = {isa = PBXBuildFile; fileRef = A4D25A2E2A64783200553DED /* ViewControllerDataStore.swift */; };
		A4D25A312A64791700553DED /* ViewControllerPresenter.swift in Sources */ = {isa = PBXBuildFile; fileRef = A4D25A302A64791700553DED /* ViewControllerPresenter.swift */; };
		A4D25A332A647A7900553DED /* ViewControllerInteractor.swift in Sources */ = {isa = PBXBuildFile; fileRef = A4D25A322A647A7900553DED /* ViewControllerInteractor.swift */; };
/* End PBXBuildFile section */

/* Begin PBXContainerItemProxy section */
		A41D710F2A50B03000E889C1 /* PBXContainerItemProxy */ = {
			isa = PBXContainerItemProxy;
			containerPortal = A41D70F02A50B02E00E889C1 /* Project object */;
			proxyType = 1;
			remoteGlobalIDString = A41D70F72A50B02E00E889C1;
			remoteInfo = RememberViewCode;
		};
		A41D71192A50B03000E889C1 /* PBXContainerItemProxy */ = {
			isa = PBXContainerItemProxy;
			containerPortal = A41D70F02A50B02E00E889C1 /* Project object */;
			proxyType = 1;
			remoteGlobalIDString = A41D70F72A50B02E00E889C1;
			remoteInfo = RememberViewCode;
		};
/* End PBXContainerItemProxy section */

/* Begin PBXFileReference section */
		173DCC44A36C689103910B9E /* Pods-RememberViewCode.release.xcconfig */ = {isa = PBXFileReference; includeInIndex = 1; lastKnownFileType = text.xcconfig; name = "Pods-RememberViewCode.release.xcconfig"; path = "Target Support Files/Pods-RememberViewCode/Pods-RememberViewCode.release.xcconfig"; sourceTree = "<group>"; };
		2911124B44ED3EC8207454DE /* Pods-RememberViewCodeTests.debug.xcconfig */ = {isa = PBXFileReference; includeInIndex = 1; lastKnownFileType = text.xcconfig; name = "Pods-RememberViewCodeTests.debug.xcconfig"; path = "Target Support Files/Pods-RememberViewCodeTests/Pods-RememberViewCodeTests.debug.xcconfig"; sourceTree = "<group>"; };
		3F06B672CEC87270D29BE987 /* Pods_RememberViewCode_RememberViewCodeUITests.framework */ = {isa = PBXFileReference; explicitFileType = wrapper.framework; includeInIndex = 0; path = Pods_RememberViewCode_RememberViewCodeUITests.framework; sourceTree = BUILT_PRODUCTS_DIR; };
		6C2D6F6F793E45B809271E02 /* Pods-RememberViewCode-RememberViewCodeUITests.debug.xcconfig */ = {isa = PBXFileReference; includeInIndex = 1; lastKnownFileType = text.xcconfig; name = "Pods-RememberViewCode-RememberViewCodeUITests.debug.xcconfig"; path = "Target Support Files/Pods-RememberViewCode-RememberViewCodeUITests/Pods-RememberViewCode-RememberViewCodeUITests.debug.xcconfig"; sourceTree = "<group>"; };
		6EAD7504D81DC5876A5D9AC8 /* Pods_RememberViewCodeTests.framework */ = {isa = PBXFileReference; explicitFileType = wrapper.framework; includeInIndex = 0; path = Pods_RememberViewCodeTests.framework; sourceTree = BUILT_PRODUCTS_DIR; };
		7970126AE972CFD61BF0698B /* Pods-RememberViewCode.debug.xcconfig */ = {isa = PBXFileReference; includeInIndex = 1; lastKnownFileType = text.xcconfig; name = "Pods-RememberViewCode.debug.xcconfig"; path = "Target Support Files/Pods-RememberViewCode/Pods-RememberViewCode.debug.xcconfig"; sourceTree = "<group>"; };
		A41269602A64A3740017A45D /* KeyboardManager.swift */ = {isa = PBXFileReference; lastKnownFileType = sourcecode.swift; path = KeyboardManager.swift; sourceTree = "<group>"; };
		A41D70F82A50B02E00E889C1 /* RememberViewCode.app */ = {isa = PBXFileReference; explicitFileType = wrapper.application; includeInIndex = 0; path = RememberViewCode.app; sourceTree = BUILT_PRODUCTS_DIR; };
		A41D70FB2A50B02E00E889C1 /* AppDelegate.swift */ = {isa = PBXFileReference; lastKnownFileType = sourcecode.swift; path = AppDelegate.swift; sourceTree = "<group>"; };
		A41D70FD2A50B02E00E889C1 /* SceneDelegate.swift */ = {isa = PBXFileReference; lastKnownFileType = sourcecode.swift; path = SceneDelegate.swift; sourceTree = "<group>"; };
		A41D70FF2A50B02E00E889C1 /* ViewController.swift */ = {isa = PBXFileReference; lastKnownFileType = sourcecode.swift; path = ViewController.swift; sourceTree = "<group>"; };
		A41D71042A50B03000E889C1 /* Assets.xcassets */ = {isa = PBXFileReference; lastKnownFileType = folder.assetcatalog; path = Assets.xcassets; sourceTree = "<group>"; };
		A41D71072A50B03000E889C1 /* Base */ = {isa = PBXFileReference; lastKnownFileType = file.storyboard; name = Base; path = Base.lproj/LaunchScreen.storyboard; sourceTree = "<group>"; };
		A41D71092A50B03000E889C1 /* Info.plist */ = {isa = PBXFileReference; lastKnownFileType = text.plist.xml; path = Info.plist; sourceTree = "<group>"; };
		A41D710E2A50B03000E889C1 /* RememberViewCodeTests.xctest */ = {isa = PBXFileReference; explicitFileType = wrapper.cfbundle; includeInIndex = 0; path = RememberViewCodeTests.xctest; sourceTree = BUILT_PRODUCTS_DIR; };
		A41D71122A50B03000E889C1 /* RememberViewCodeTests.swift */ = {isa = PBXFileReference; lastKnownFileType = sourcecode.swift; path = RememberViewCodeTests.swift; sourceTree = "<group>"; };
		A41D71182A50B03000E889C1 /* RememberViewCodeUITests.xctest */ = {isa = PBXFileReference; explicitFileType = wrapper.cfbundle; includeInIndex = 0; path = RememberViewCodeUITests.xctest; sourceTree = BUILT_PRODUCTS_DIR; };
		A41D711C2A50B03000E889C1 /* RememberViewCodeUITests.swift */ = {isa = PBXFileReference; lastKnownFileType = sourcecode.swift; path = RememberViewCodeUITests.swift; sourceTree = "<group>"; };
		A41D711E2A50B03000E889C1 /* RememberViewCodeUITestsLaunchTests.swift */ = {isa = PBXFileReference; lastKnownFileType = sourcecode.swift; path = RememberViewCodeUITestsLaunchTests.swift; sourceTree = "<group>"; };
		A41FD75F2A510426001C360B /* ViewControllerView.swift */ = {isa = PBXFileReference; lastKnownFileType = sourcecode.swift; path = ViewControllerView.swift; sourceTree = "<group>"; };
		A4C2EFE62A6474AD0007866F /* ViewControllerInitializer.swift */ = {isa = PBXFileReference; lastKnownFileType = sourcecode.swift; path = ViewControllerInitializer.swift; sourceTree = "<group>"; };
		A4C2EFE82A6475300007866F /* ViewControllerCoordinator.swift */ = {isa = PBXFileReference; lastKnownFileType = sourcecode.swift; path = ViewControllerCoordinator.swift; sourceTree = "<group>"; };
		A4D25A2E2A64783200553DED /* ViewControllerDataStore.swift */ = {isa = PBXFileReference; lastKnownFileType = sourcecode.swift; path = ViewControllerDataStore.swift; sourceTree = "<group>"; };
		A4D25A302A64791700553DED /* ViewControllerPresenter.swift */ = {isa = PBXFileReference; lastKnownFileType = sourcecode.swift; path = ViewControllerPresenter.swift; sourceTree = "<group>"; };
		A4D25A322A647A7900553DED /* ViewControllerInteractor.swift */ = {isa = PBXFileReference; lastKnownFileType = sourcecode.swift; path = ViewControllerInteractor.swift; sourceTree = "<group>"; };
		CBDCB9893801D084F4CFE68E /* Pods_RememberViewCode.framework */ = {isa = PBXFileReference; explicitFileType = wrapper.framework; includeInIndex = 0; path = Pods_RememberViewCode.framework; sourceTree = BUILT_PRODUCTS_DIR; };
		CE1590CBD6A766D076B54F9E /* Pods-RememberViewCode-RememberViewCodeUITests.release.xcconfig */ = {isa = PBXFileReference; includeInIndex = 1; lastKnownFileType = text.xcconfig; name = "Pods-RememberViewCode-RememberViewCodeUITests.release.xcconfig"; path = "Target Support Files/Pods-RememberViewCode-RememberViewCodeUITests/Pods-RememberViewCode-RememberViewCodeUITests.release.xcconfig"; sourceTree = "<group>"; };
		E39EE0C4644232747CEF0610 /* Pods-RememberViewCodeTests.release.xcconfig */ = {isa = PBXFileReference; includeInIndex = 1; lastKnownFileType = text.xcconfig; name = "Pods-RememberViewCodeTests.release.xcconfig"; path = "Target Support Files/Pods-RememberViewCodeTests/Pods-RememberViewCodeTests.release.xcconfig"; sourceTree = "<group>"; };
/* End PBXFileReference section */

/* Begin PBXFrameworksBuildPhase section */
		A41D70F52A50B02E00E889C1 /* Frameworks */ = {
			isa = PBXFrameworksBuildPhase;
			buildActionMask = 2147483647;
			files = (
				81988401A82431F92F8867FA /* Pods_RememberViewCode.framework in Frameworks */,
			);
			runOnlyForDeploymentPostprocessing = 0;
		};
		A41D710B2A50B03000E889C1 /* Frameworks */ = {
			isa = PBXFrameworksBuildPhase;
			buildActionMask = 2147483647;
			files = (
				3BD4CBB783B7A3C98BEEFE14 /* Pods_RememberViewCodeTests.framework in Frameworks */,
			);
			runOnlyForDeploymentPostprocessing = 0;
		};
		A41D71152A50B03000E889C1 /* Frameworks */ = {
			isa = PBXFrameworksBuildPhase;
			buildActionMask = 2147483647;
			files = (
				0749ED1132D90228B841D181 /* Pods_RememberViewCode_RememberViewCodeUITests.framework in Frameworks */,
			);
			runOnlyForDeploymentPostprocessing = 0;
		};
/* End PBXFrameworksBuildPhase section */

/* Begin PBXGroup section */
		554C20C60FF6EE63385CD7F1 /* Frameworks */ = {
			isa = PBXGroup;
			children = (
				CBDCB9893801D084F4CFE68E /* Pods_RememberViewCode.framework */,
				3F06B672CEC87270D29BE987 /* Pods_RememberViewCode_RememberViewCodeUITests.framework */,
				6EAD7504D81DC5876A5D9AC8 /* Pods_RememberViewCodeTests.framework */,
			);
			name = Frameworks;
			sourceTree = "<group>";
		};
		7D1A405BF780B17C235A46E5 /* Pods */ = {
			isa = PBXGroup;
			children = (
				7970126AE972CFD61BF0698B /* Pods-RememberViewCode.debug.xcconfig */,
				173DCC44A36C689103910B9E /* Pods-RememberViewCode.release.xcconfig */,
				6C2D6F6F793E45B809271E02 /* Pods-RememberViewCode-RememberViewCodeUITests.debug.xcconfig */,
				CE1590CBD6A766D076B54F9E /* Pods-RememberViewCode-RememberViewCodeUITests.release.xcconfig */,
				2911124B44ED3EC8207454DE /* Pods-RememberViewCodeTests.debug.xcconfig */,
				E39EE0C4644232747CEF0610 /* Pods-RememberViewCodeTests.release.xcconfig */,
			);
			path = Pods;
			sourceTree = "<group>";
		};
		A412695F2A64A3650017A45D /* Managers */ = {
			isa = PBXGroup;
			children = (
				A41269602A64A3740017A45D /* KeyboardManager.swift */,
			);
			path = Managers;
			sourceTree = "<group>";
		};
		A41D70EF2A50B02E00E889C1 = {
			isa = PBXGroup;
			children = (
				A41D70FA2A50B02E00E889C1 /* RememberViewCode */,
				A41D71112A50B03000E889C1 /* RememberViewCodeTests */,
				A41D711B2A50B03000E889C1 /* RememberViewCodeUITests */,
				A41D70F92A50B02E00E889C1 /* Products */,
				7D1A405BF780B17C235A46E5 /* Pods */,
				554C20C60FF6EE63385CD7F1 /* Frameworks */,
			);
			sourceTree = "<group>";
		};
		A41D70F92A50B02E00E889C1 /* Products */ = {
			isa = PBXGroup;
			children = (
				A41D70F82A50B02E00E889C1 /* RememberViewCode.app */,
				A41D710E2A50B03000E889C1 /* RememberViewCodeTests.xctest */,
				A41D71182A50B03000E889C1 /* RememberViewCodeUITests.xctest */,
			);
			name = Products;
			sourceTree = "<group>";
		};
		A41D70FA2A50B02E00E889C1 /* RememberViewCode */ = {
			isa = PBXGroup;
			children = (
				A412695F2A64A3650017A45D /* Managers */,
				A41D70FB2A50B02E00E889C1 /* AppDelegate.swift */,
				A41D70FD2A50B02E00E889C1 /* SceneDelegate.swift */,
				A41D70FF2A50B02E00E889C1 /* ViewController.swift */,
				A4D25A322A647A7900553DED /* ViewControllerInteractor.swift */,
				A4D25A302A64791700553DED /* ViewControllerPresenter.swift */,
				A4C2EFE62A6474AD0007866F /* ViewControllerInitializer.swift */,
				A4C2EFE82A6475300007866F /* ViewControllerCoordinator.swift */,
				A41FD75F2A510426001C360B /* ViewControllerView.swift */,
				A4D25A2E2A64783200553DED /* ViewControllerDataStore.swift */,
				A41D71042A50B03000E889C1 /* Assets.xcassets */,
				A41D71062A50B03000E889C1 /* LaunchScreen.storyboard */,
				A41D71092A50B03000E889C1 /* Info.plist */,
			);
			path = RememberViewCode;
			sourceTree = "<group>";
		};
		A41D71112A50B03000E889C1 /* RememberViewCodeTests */ = {
			isa = PBXGroup;
			children = (
				A41D71122A50B03000E889C1 /* RememberViewCodeTests.swift */,
			);
			path = RememberViewCodeTests;
			sourceTree = "<group>";
		};
		A41D711B2A50B03000E889C1 /* RememberViewCodeUITests */ = {
			isa = PBXGroup;
			children = (
				A41D711C2A50B03000E889C1 /* RememberViewCodeUITests.swift */,
				A41D711E2A50B03000E889C1 /* RememberViewCodeUITestsLaunchTests.swift */,
			);
			path = RememberViewCodeUITests;
			sourceTree = "<group>";
		};
/* End PBXGroup section */

/* Begin PBXNativeTarget section */
		A41D70F72A50B02E00E889C1 /* RememberViewCode */ = {
			isa = PBXNativeTarget;
			buildConfigurationList = A41D71222A50B03000E889C1 /* Build configuration list for PBXNativeTarget "RememberViewCode" */;
			buildPhases = (
				51E72E78E2C4020D9E110F66 /* [CP] Check Pods Manifest.lock */,
				A41D70F42A50B02E00E889C1 /* Sources */,
				A41D70F52A50B02E00E889C1 /* Frameworks */,
				A41D70F62A50B02E00E889C1 /* Resources */,
				174A053DCAB2429D002DD070 /* [CP] Embed Pods Frameworks */,
			);
			buildRules = (
			);
			dependencies = (
			);
			name = RememberViewCode;
			productName = RememberViewCode;
			productReference = A41D70F82A50B02E00E889C1 /* RememberViewCode.app */;
			productType = "com.apple.product-type.application";
		};
		A41D710D2A50B03000E889C1 /* RememberViewCodeTests */ = {
			isa = PBXNativeTarget;
			buildConfigurationList = A41D71252A50B03000E889C1 /* Build configuration list for PBXNativeTarget "RememberViewCodeTests" */;
			buildPhases = (
				18D41312B28AC9F07AF71BB5 /* [CP] Check Pods Manifest.lock */,
				A41D710A2A50B03000E889C1 /* Sources */,
				A41D710B2A50B03000E889C1 /* Frameworks */,
				A41D710C2A50B03000E889C1 /* Resources */,
			);
			buildRules = (
			);
			dependencies = (
				A41D71102A50B03000E889C1 /* PBXTargetDependency */,
			);
			name = RememberViewCodeTests;
			productName = RememberViewCodeTests;
			productReference = A41D710E2A50B03000E889C1 /* RememberViewCodeTests.xctest */;
			productType = "com.apple.product-type.bundle.unit-test";
		};
		A41D71172A50B03000E889C1 /* RememberViewCodeUITests */ = {
			isa = PBXNativeTarget;
			buildConfigurationList = A41D71282A50B03000E889C1 /* Build configuration list for PBXNativeTarget "RememberViewCodeUITests" */;
			buildPhases = (
				9BA108A826377F7913C427FB /* [CP] Check Pods Manifest.lock */,
				A41D71142A50B03000E889C1 /* Sources */,
				A41D71152A50B03000E889C1 /* Frameworks */,
				A41D71162A50B03000E889C1 /* Resources */,
				55E9CDC2713636376BD4A6A0 /* [CP] Embed Pods Frameworks */,
			);
			buildRules = (
			);
			dependencies = (
				A41D711A2A50B03000E889C1 /* PBXTargetDependency */,
			);
			name = RememberViewCodeUITests;
			productName = RememberViewCodeUITests;
			productReference = A41D71182A50B03000E889C1 /* RememberViewCodeUITests.xctest */;
			productType = "com.apple.product-type.bundle.ui-testing";
		};
/* End PBXNativeTarget section */

/* Begin PBXProject section */
		A41D70F02A50B02E00E889C1 /* Project object */ = {
			isa = PBXProject;
			attributes = {
				BuildIndependentTargetsInParallel = 1;
				LastSwiftUpdateCheck = 1430;
				LastUpgradeCheck = 1430;
				TargetAttributes = {
					A41D70F72A50B02E00E889C1 = {
						CreatedOnToolsVersion = 14.3.1;
					};
					A41D710D2A50B03000E889C1 = {
						CreatedOnToolsVersion = 14.3.1;
						TestTargetID = A41D70F72A50B02E00E889C1;
					};
					A41D71172A50B03000E889C1 = {
						CreatedOnToolsVersion = 14.3.1;
						TestTargetID = A41D70F72A50B02E00E889C1;
					};
				};
			};
			buildConfigurationList = A41D70F32A50B02E00E889C1 /* Build configuration list for PBXProject "RememberViewCode" */;
			compatibilityVersion = "Xcode 14.0";
			developmentRegion = en;
			hasScannedForEncodings = 0;
			knownRegions = (
				en,
				Base,
			);
			mainGroup = A41D70EF2A50B02E00E889C1;
			productRefGroup = A41D70F92A50B02E00E889C1 /* Products */;
			projectDirPath = "";
			projectRoot = "";
			targets = (
				A41D70F72A50B02E00E889C1 /* RememberViewCode */,
				A41D710D2A50B03000E889C1 /* RememberViewCodeTests */,
				A41D71172A50B03000E889C1 /* RememberViewCodeUITests */,
			);
		};
/* End PBXProject section */

/* Begin PBXResourcesBuildPhase section */
		A41D70F62A50B02E00E889C1 /* Resources */ = {
			isa = PBXResourcesBuildPhase;
			buildActionMask = 2147483647;
			files = (
				A41D71082A50B03000E889C1 /* LaunchScreen.storyboard in Resources */,
				A41D71052A50B03000E889C1 /* Assets.xcassets in Resources */,
			);
			runOnlyForDeploymentPostprocessing = 0;
		};
		A41D710C2A50B03000E889C1 /* Resources */ = {
			isa = PBXResourcesBuildPhase;
			buildActionMask = 2147483647;
			files = (
			);
			runOnlyForDeploymentPostprocessing = 0;
		};
		A41D71162A50B03000E889C1 /* Resources */ = {
			isa = PBXResourcesBuildPhase;
			buildActionMask = 2147483647;
			files = (
			);
			runOnlyForDeploymentPostprocessing = 0;
		};
/* End PBXResourcesBuildPhase section */

/* Begin PBXShellScriptBuildPhase section */
		174A053DCAB2429D002DD070 /* [CP] Embed Pods Frameworks */ = {
			isa = PBXShellScriptBuildPhase;
			buildActionMask = 2147483647;
			files = (
			);
			inputFileListPaths = (
				"${PODS_ROOT}/Target Support Files/Pods-RememberViewCode/Pods-RememberViewCode-frameworks-${CONFIGURATION}-input-files.xcfilelist",
			);
			name = "[CP] Embed Pods Frameworks";
			outputFileListPaths = (
				"${PODS_ROOT}/Target Support Files/Pods-RememberViewCode/Pods-RememberViewCode-frameworks-${CONFIGURATION}-output-files.xcfilelist",
			);
			runOnlyForDeploymentPostprocessing = 0;
			shellPath = /bin/sh;
			shellScript = "\"${PODS_ROOT}/Target Support Files/Pods-RememberViewCode/Pods-RememberViewCode-frameworks.sh\"\n";
			showEnvVarsInLog = 0;
		};
		18D41312B28AC9F07AF71BB5 /* [CP] Check Pods Manifest.lock */ = {
			isa = PBXShellScriptBuildPhase;
			buildActionMask = 2147483647;
			files = (
			);
			inputFileListPaths = (
			);
			inputPaths = (
				"${PODS_PODFILE_DIR_PATH}/Podfile.lock",
				"${PODS_ROOT}/Manifest.lock",
			);
			name = "[CP] Check Pods Manifest.lock";
			outputFileListPaths = (
			);
			outputPaths = (
				"$(DERIVED_FILE_DIR)/Pods-RememberViewCodeTests-checkManifestLockResult.txt",
			);
			runOnlyForDeploymentPostprocessing = 0;
			shellPath = /bin/sh;
			shellScript = "diff \"${PODS_PODFILE_DIR_PATH}/Podfile.lock\" \"${PODS_ROOT}/Manifest.lock\" > /dev/null\nif [ $? != 0 ] ; then\n    # print error to STDERR\n    echo \"error: The sandbox is not in sync with the Podfile.lock. Run 'pod install' or update your CocoaPods installation.\" >&2\n    exit 1\nfi\n# This output is used by Xcode 'outputs' to avoid re-running this script phase.\necho \"SUCCESS\" > \"${SCRIPT_OUTPUT_FILE_0}\"\n";
			showEnvVarsInLog = 0;
		};
		51E72E78E2C4020D9E110F66 /* [CP] Check Pods Manifest.lock */ = {
			isa = PBXShellScriptBuildPhase;
			buildActionMask = 2147483647;
			files = (
			);
			inputFileListPaths = (
			);
			inputPaths = (
				"${PODS_PODFILE_DIR_PATH}/Podfile.lock",
				"${PODS_ROOT}/Manifest.lock",
			);
			name = "[CP] Check Pods Manifest.lock";
			outputFileListPaths = (
			);
			outputPaths = (
				"$(DERIVED_FILE_DIR)/Pods-RememberViewCode-checkManifestLockResult.txt",
			);
			runOnlyForDeploymentPostprocessing = 0;
			shellPath = /bin/sh;
			shellScript = "diff \"${PODS_PODFILE_DIR_PATH}/Podfile.lock\" \"${PODS_ROOT}/Manifest.lock\" > /dev/null\nif [ $? != 0 ] ; then\n    # print error to STDERR\n    echo \"error: The sandbox is not in sync with the Podfile.lock. Run 'pod install' or update your CocoaPods installation.\" >&2\n    exit 1\nfi\n# This output is used by Xcode 'outputs' to avoid re-running this script phase.\necho \"SUCCESS\" > \"${SCRIPT_OUTPUT_FILE_0}\"\n";
			showEnvVarsInLog = 0;
		};
		55E9CDC2713636376BD4A6A0 /* [CP] Embed Pods Frameworks */ = {
			isa = PBXShellScriptBuildPhase;
			buildActionMask = 2147483647;
			files = (
			);
			inputFileListPaths = (
				"${PODS_ROOT}/Target Support Files/Pods-RememberViewCode-RememberViewCodeUITests/Pods-RememberViewCode-RememberViewCodeUITests-frameworks-${CONFIGURATION}-input-files.xcfilelist",
			);
			name = "[CP] Embed Pods Frameworks";
			outputFileListPaths = (
				"${PODS_ROOT}/Target Support Files/Pods-RememberViewCode-RememberViewCodeUITests/Pods-RememberViewCode-RememberViewCodeUITests-frameworks-${CONFIGURATION}-output-files.xcfilelist",
			);
			runOnlyForDeploymentPostprocessing = 0;
			shellPath = /bin/sh;
			shellScript = "\"${PODS_ROOT}/Target Support Files/Pods-RememberViewCode-RememberViewCodeUITests/Pods-RememberViewCode-RememberViewCodeUITests-frameworks.sh\"\n";
			showEnvVarsInLog = 0;
		};
		9BA108A826377F7913C427FB /* [CP] Check Pods Manifest.lock */ = {
			isa = PBXShellScriptBuildPhase;
			buildActionMask = 2147483647;
			files = (
			);
			inputFileListPaths = (
			);
			inputPaths = (
				"${PODS_PODFILE_DIR_PATH}/Podfile.lock",
				"${PODS_ROOT}/Manifest.lock",
			);
			name = "[CP] Check Pods Manifest.lock";
			outputFileListPaths = (
			);
			outputPaths = (
				"$(DERIVED_FILE_DIR)/Pods-RememberViewCode-RememberViewCodeUITests-checkManifestLockResult.txt",
			);
			runOnlyForDeploymentPostprocessing = 0;
			shellPath = /bin/sh;
			shellScript = "diff \"${PODS_PODFILE_DIR_PATH}/Podfile.lock\" \"${PODS_ROOT}/Manifest.lock\" > /dev/null\nif [ $? != 0 ] ; then\n    # print error to STDERR\n    echo \"error: The sandbox is not in sync with the Podfile.lock. Run 'pod install' or update your CocoaPods installation.\" >&2\n    exit 1\nfi\n# This output is used by Xcode 'outputs' to avoid re-running this script phase.\necho \"SUCCESS\" > \"${SCRIPT_OUTPUT_FILE_0}\"\n";
			showEnvVarsInLog = 0;
		};
/* End PBXShellScriptBuildPhase section */

/* Begin PBXSourcesBuildPhase section */
		A41D70F42A50B02E00E889C1 /* Sources */ = {
			isa = PBXSourcesBuildPhase;
			buildActionMask = 2147483647;
			files = (
				A41D71002A50B02E00E889C1 /* ViewController.swift in Sources */,
				A4C2EFE92A6475300007866F /* ViewControllerCoordinator.swift in Sources */,
				A41269612A64A3740017A45D /* KeyboardManager.swift in Sources */,
				A4D25A2F2A64783200553DED /* ViewControllerDataStore.swift in Sources */,
				A4C2EFE72A6474AD0007866F /* ViewControllerInitializer.swift in Sources */,
				A41FD7602A510426001C360B /* ViewControllerView.swift in Sources */,
				A41D70FC2A50B02E00E889C1 /* AppDelegate.swift in Sources */,
				A41D70FE2A50B02E00E889C1 /* SceneDelegate.swift in Sources */,
				A4D25A332A647A7900553DED /* ViewControllerInteractor.swift in Sources */,
				A4D25A312A64791700553DED /* ViewControllerPresenter.swift in Sources */,
			);
			runOnlyForDeploymentPostprocessing = 0;
		};
		A41D710A2A50B03000E889C1 /* Sources */ = {
			isa = PBXSourcesBuildPhase;
			buildActionMask = 2147483647;
			files = (
				A41D71132A50B03000E889C1 /* RememberViewCodeTests.swift in Sources */,
			);
			runOnlyForDeploymentPostprocessing = 0;
		};
		A41D71142A50B03000E889C1 /* Sources */ = {
			isa = PBXSourcesBuildPhase;
			buildActionMask = 2147483647;
			files = (
				A41D711D2A50B03000E889C1 /* RememberViewCodeUITests.swift in Sources */,
				A41D711F2A50B03000E889C1 /* RememberViewCodeUITestsLaunchTests.swift in Sources */,
			);
			runOnlyForDeploymentPostprocessing = 0;
		};
/* End PBXSourcesBuildPhase section */

/* Begin PBXTargetDependency section */
		A41D71102A50B03000E889C1 /* PBXTargetDependency */ = {
			isa = PBXTargetDependency;
			target = A41D70F72A50B02E00E889C1 /* RememberViewCode */;
			targetProxy = A41D710F2A50B03000E889C1 /* PBXContainerItemProxy */;
		};
		A41D711A2A50B03000E889C1 /* PBXTargetDependency */ = {
			isa = PBXTargetDependency;
			target = A41D70F72A50B02E00E889C1 /* RememberViewCode */;
			targetProxy = A41D71192A50B03000E889C1 /* PBXContainerItemProxy */;
		};
/* End PBXTargetDependency section */

/* Begin PBXVariantGroup section */
		A41D71062A50B03000E889C1 /* LaunchScreen.storyboard */ = {
			isa = PBXVariantGroup;
			children = (
				A41D71072A50B03000E889C1 /* Base */,
			);
			name = LaunchScreen.storyboard;
			sourceTree = "<group>";
		};
/* End PBXVariantGroup section */

/* Begin XCBuildConfiguration section */
		A41D71202A50B03000E889C1 /* Debug */ = {
			isa = XCBuildConfiguration;
			buildSettings = {
				ALWAYS_SEARCH_USER_PATHS = NO;
				CLANG_ANALYZER_NONNULL = YES;
				CLANG_ANALYZER_NUMBER_OBJECT_CONVERSION = YES_AGGRESSIVE;
				CLANG_CXX_LANGUAGE_STANDARD = "gnu++20";
				CLANG_ENABLE_MODULES = YES;
				CLANG_ENABLE_OBJC_ARC = YES;
				CLANG_ENABLE_OBJC_WEAK = YES;
				CLANG_WARN_BLOCK_CAPTURE_AUTORELEASING = YES;
				CLANG_WARN_BOOL_CONVERSION = YES;
				CLANG_WARN_COMMA = YES;
				CLANG_WARN_CONSTANT_CONVERSION = YES;
				CLANG_WARN_DEPRECATED_OBJC_IMPLEMENTATIONS = YES;
				CLANG_WARN_DIRECT_OBJC_ISA_USAGE = YES_ERROR;
				CLANG_WARN_DOCUMENTATION_COMMENTS = YES;
				CLANG_WARN_EMPTY_BODY = YES;
				CLANG_WARN_ENUM_CONVERSION = YES;
				CLANG_WARN_INFINITE_RECURSION = YES;
				CLANG_WARN_INT_CONVERSION = YES;
				CLANG_WARN_NON_LITERAL_NULL_CONVERSION = YES;
				CLANG_WARN_OBJC_IMPLICIT_RETAIN_SELF = YES;
				CLANG_WARN_OBJC_LITERAL_CONVERSION = YES;
				CLANG_WARN_OBJC_ROOT_CLASS = YES_ERROR;
				CLANG_WARN_QUOTED_INCLUDE_IN_FRAMEWORK_HEADER = YES;
				CLANG_WARN_RANGE_LOOP_ANALYSIS = YES;
				CLANG_WARN_STRICT_PROTOTYPES = YES;
				CLANG_WARN_SUSPICIOUS_MOVE = YES;
				CLANG_WARN_UNGUARDED_AVAILABILITY = YES_AGGRESSIVE;
				CLANG_WARN_UNREACHABLE_CODE = YES;
				CLANG_WARN__DUPLICATE_METHOD_MATCH = YES;
				COPY_PHASE_STRIP = NO;
				DEBUG_INFORMATION_FORMAT = dwarf;
				ENABLE_STRICT_OBJC_MSGSEND = YES;
				ENABLE_TESTABILITY = YES;
				GCC_C_LANGUAGE_STANDARD = gnu11;
				GCC_DYNAMIC_NO_PIC = NO;
				GCC_NO_COMMON_BLOCKS = YES;
				GCC_OPTIMIZATION_LEVEL = 0;
				GCC_PREPROCESSOR_DEFINITIONS = (
					"DEBUG=1",
					"$(inherited)",
				);
				GCC_WARN_64_TO_32_BIT_CONVERSION = YES;
				GCC_WARN_ABOUT_RETURN_TYPE = YES_ERROR;
				GCC_WARN_UNDECLARED_SELECTOR = YES;
				GCC_WARN_UNINITIALIZED_AUTOS = YES_AGGRESSIVE;
				GCC_WARN_UNUSED_FUNCTION = YES;
				GCC_WARN_UNUSED_VARIABLE = YES;
				IPHONEOS_DEPLOYMENT_TARGET = 16.4;
				MTL_ENABLE_DEBUG_INFO = INCLUDE_SOURCE;
				MTL_FAST_MATH = YES;
				ONLY_ACTIVE_ARCH = YES;
				SDKROOT = iphoneos;
				SWIFT_ACTIVE_COMPILATION_CONDITIONS = DEBUG;
				SWIFT_OPTIMIZATION_LEVEL = "-Onone";
			};
			name = Debug;
		};
		A41D71212A50B03000E889C1 /* Release */ = {
			isa = XCBuildConfiguration;
			buildSettings = {
				ALWAYS_SEARCH_USER_PATHS = NO;
				CLANG_ANALYZER_NONNULL = YES;
				CLANG_ANALYZER_NUMBER_OBJECT_CONVERSION = YES_AGGRESSIVE;
				CLANG_CXX_LANGUAGE_STANDARD = "gnu++20";
				CLANG_ENABLE_MODULES = YES;
				CLANG_ENABLE_OBJC_ARC = YES;
				CLANG_ENABLE_OBJC_WEAK = YES;
				CLANG_WARN_BLOCK_CAPTURE_AUTORELEASING = YES;
				CLANG_WARN_BOOL_CONVERSION = YES;
				CLANG_WARN_COMMA = YES;
				CLANG_WARN_CONSTANT_CONVERSION = YES;
				CLANG_WARN_DEPRECATED_OBJC_IMPLEMENTATIONS = YES;
				CLANG_WARN_DIRECT_OBJC_ISA_USAGE = YES_ERROR;
				CLANG_WARN_DOCUMENTATION_COMMENTS = YES;
				CLANG_WARN_EMPTY_BODY = YES;
				CLANG_WARN_ENUM_CONVERSION = YES;
				CLANG_WARN_INFINITE_RECURSION = YES;
				CLANG_WARN_INT_CONVERSION = YES;
				CLANG_WARN_NON_LITERAL_NULL_CONVERSION = YES;
				CLANG_WARN_OBJC_IMPLICIT_RETAIN_SELF = YES;
				CLANG_WARN_OBJC_LITERAL_CONVERSION = YES;
				CLANG_WARN_OBJC_ROOT_CLASS = YES_ERROR;
				CLANG_WARN_QUOTED_INCLUDE_IN_FRAMEWORK_HEADER = YES;
				CLANG_WARN_RANGE_LOOP_ANALYSIS = YES;
				CLANG_WARN_STRICT_PROTOTYPES = YES;
				CLANG_WARN_SUSPICIOUS_MOVE = YES;
				CLANG_WARN_UNGUARDED_AVAILABILITY = YES_AGGRESSIVE;
				CLANG_WARN_UNREACHABLE_CODE = YES;
				CLANG_WARN__DUPLICATE_METHOD_MATCH = YES;
				COPY_PHASE_STRIP = NO;
				DEBUG_INFORMATION_FORMAT = "dwarf-with-dsym";
				ENABLE_NS_ASSERTIONS = NO;
				ENABLE_STRICT_OBJC_MSGSEND = YES;
				GCC_C_LANGUAGE_STANDARD = gnu11;
				GCC_NO_COMMON_BLOCKS = YES;
				GCC_WARN_64_TO_32_BIT_CONVERSION = YES;
				GCC_WARN_ABOUT_RETURN_TYPE = YES_ERROR;
				GCC_WARN_UNDECLARED_SELECTOR = YES;
				GCC_WARN_UNINITIALIZED_AUTOS = YES_AGGRESSIVE;
				GCC_WARN_UNUSED_FUNCTION = YES;
				GCC_WARN_UNUSED_VARIABLE = YES;
				IPHONEOS_DEPLOYMENT_TARGET = 16.4;
				MTL_ENABLE_DEBUG_INFO = NO;
				MTL_FAST_MATH = YES;
				SDKROOT = iphoneos;
				SWIFT_COMPILATION_MODE = wholemodule;
				SWIFT_OPTIMIZATION_LEVEL = "-O";
				VALIDATE_PRODUCT = YES;
			};
			name = Release;
		};
		A41D71232A50B03000E889C1 /* Debug */ = {
			isa = XCBuildConfiguration;
			baseConfigurationReference = 7970126AE972CFD61BF0698B /* Pods-RememberViewCode.debug.xcconfig */;
			buildSettings = {
				ASSETCATALOG_COMPILER_APPICON_NAME = AppIcon;
				ASSETCATALOG_COMPILER_GLOBAL_ACCENT_COLOR_NAME = AccentColor;
				CODE_SIGN_STYLE = Automatic;
				CURRENT_PROJECT_VERSION = 1;
				DEVELOPMENT_TEAM = MDDP3J8FL2;
				GENERATE_INFOPLIST_FILE = YES;
				INFOPLIST_FILE = RememberViewCode/Info.plist;
				INFOPLIST_KEY_UIApplicationSupportsIndirectInputEvents = YES;
				INFOPLIST_KEY_UILaunchStoryboardName = LaunchScreen;
				INFOPLIST_KEY_UIMainStoryboardFile = "";
				INFOPLIST_KEY_UISupportedInterfaceOrientations_iPad = "UIInterfaceOrientationPortrait UIInterfaceOrientationPortraitUpsideDown UIInterfaceOrientationLandscapeLeft UIInterfaceOrientationLandscapeRight";
				INFOPLIST_KEY_UISupportedInterfaceOrientations_iPhone = "UIInterfaceOrientationPortrait UIInterfaceOrientationLandscapeLeft UIInterfaceOrientationLandscapeRight";
				LD_RUNPATH_SEARCH_PATHS = (
					"$(inherited)",
					"@executable_path/Frameworks",
				);
				MARKETING_VERSION = 1.0;
				PRODUCT_BUNDLE_IDENTIFIER = blackbeard.RememberViewCode;
				PRODUCT_NAME = "$(TARGET_NAME)";
				SWIFT_EMIT_LOC_STRINGS = YES;
				SWIFT_VERSION = 5.0;
				TARGETED_DEVICE_FAMILY = "1,2";
			};
			name = Debug;
		};
		A41D71242A50B03000E889C1 /* Release */ = {
			isa = XCBuildConfiguration;
			baseConfigurationReference = 173DCC44A36C689103910B9E /* Pods-RememberViewCode.release.xcconfig */;
			buildSettings = {
				ASSETCATALOG_COMPILER_APPICON_NAME = AppIcon;
				ASSETCATALOG_COMPILER_GLOBAL_ACCENT_COLOR_NAME = AccentColor;
				CODE_SIGN_STYLE = Automatic;
				CURRENT_PROJECT_VERSION = 1;
				DEVELOPMENT_TEAM = MDDP3J8FL2;
				GENERATE_INFOPLIST_FILE = YES;
				INFOPLIST_FILE = RememberViewCode/Info.plist;
				INFOPLIST_KEY_UIApplicationSupportsIndirectInputEvents = YES;
				INFOPLIST_KEY_UILaunchStoryboardName = LaunchScreen;
				INFOPLIST_KEY_UIMainStoryboardFile = "";
				INFOPLIST_KEY_UISupportedInterfaceOrientations_iPad = "UIInterfaceOrientationPortrait UIInterfaceOrientationPortraitUpsideDown UIInterfaceOrientationLandscapeLeft UIInterfaceOrientationLandscapeRight";
				INFOPLIST_KEY_UISupportedInterfaceOrientations_iPhone = "UIInterfaceOrientationPortrait UIInterfaceOrientationLandscapeLeft UIInterfaceOrientationLandscapeRight";
				LD_RUNPATH_SEARCH_PATHS = (
					"$(inherited)",
					"@executable_path/Frameworks",
				);
				MARKETING_VERSION = 1.0;
				PRODUCT_BUNDLE_IDENTIFIER = blackbeard.RememberViewCode;
				PRODUCT_NAME = "$(TARGET_NAME)";
				SWIFT_EMIT_LOC_STRINGS = YES;
				SWIFT_VERSION = 5.0;
				TARGETED_DEVICE_FAMILY = "1,2";
			};
			name = Release;
		};
		A41D71262A50B03000E889C1 /* Debug */ = {
			isa = XCBuildConfiguration;
			baseConfigurationReference = 2911124B44ED3EC8207454DE /* Pods-RememberViewCodeTests.debug.xcconfig */;
			buildSettings = {
				ALWAYS_EMBED_SWIFT_STANDARD_LIBRARIES = YES;
				BUNDLE_LOADER = "$(TEST_HOST)";
				CODE_SIGN_STYLE = Automatic;
				CURRENT_PROJECT_VERSION = 1;
				DEVELOPMENT_TEAM = MDDP3J8FL2;
				GENERATE_INFOPLIST_FILE = YES;
				IPHONEOS_DEPLOYMENT_TARGET = 16.4;
				MARKETING_VERSION = 1.0;
				PRODUCT_BUNDLE_IDENTIFIER = blackbeard.RememberViewCodeTests;
				PRODUCT_NAME = "$(TARGET_NAME)";
				SWIFT_EMIT_LOC_STRINGS = NO;
				SWIFT_VERSION = 5.0;
				TARGETED_DEVICE_FAMILY = "1,2";
				TEST_HOST = "$(BUILT_PRODUCTS_DIR)/RememberViewCode.app/$(BUNDLE_EXECUTABLE_FOLDER_PATH)/RememberViewCode";
			};
			name = Debug;
		};
		A41D71272A50B03000E889C1 /* Release */ = {
			isa = XCBuildConfiguration;
			baseConfigurationReference = E39EE0C4644232747CEF0610 /* Pods-RememberViewCodeTests.release.xcconfig */;
			buildSettings = {
				ALWAYS_EMBED_SWIFT_STANDARD_LIBRARIES = YES;
				BUNDLE_LOADER = "$(TEST_HOST)";
				CODE_SIGN_STYLE = Automatic;
				CURRENT_PROJECT_VERSION = 1;
				DEVELOPMENT_TEAM = MDDP3J8FL2;
				GENERATE_INFOPLIST_FILE = YES;
				IPHONEOS_DEPLOYMENT_TARGET = 16.4;
				MARKETING_VERSION = 1.0;
				PRODUCT_BUNDLE_IDENTIFIER = blackbeard.RememberViewCodeTests;
				PRODUCT_NAME = "$(TARGET_NAME)";
				SWIFT_EMIT_LOC_STRINGS = NO;
				SWIFT_VERSION = 5.0;
				TARGETED_DEVICE_FAMILY = "1,2";
				TEST_HOST = "$(BUILT_PRODUCTS_DIR)/RememberViewCode.app/$(BUNDLE_EXECUTABLE_FOLDER_PATH)/RememberViewCode";
			};
			name = Release;
		};
		A41D71292A50B03000E889C1 /* Debug */ = {
			isa = XCBuildConfiguration;
			baseConfigurationReference = 6C2D6F6F793E45B809271E02 /* Pods-RememberViewCode-RememberViewCodeUITests.debug.xcconfig */;
			buildSettings = {
				ALWAYS_EMBED_SWIFT_STANDARD_LIBRARIES = YES;
				CODE_SIGN_STYLE = Automatic;
				CURRENT_PROJECT_VERSION = 1;
				DEVELOPMENT_TEAM = MDDP3J8FL2;
				GENERATE_INFOPLIST_FILE = YES;
				MARKETING_VERSION = 1.0;
				PRODUCT_BUNDLE_IDENTIFIER = blackbeard.RememberViewCodeUITests;
				PRODUCT_NAME = "$(TARGET_NAME)";
				SWIFT_EMIT_LOC_STRINGS = NO;
				SWIFT_VERSION = 5.0;
				TARGETED_DEVICE_FAMILY = "1,2";
				TEST_TARGET_NAME = RememberViewCode;
			};
			name = Debug;
		};
		A41D712A2A50B03000E889C1 /* Release */ = {
			isa = XCBuildConfiguration;
			baseConfigurationReference = CE1590CBD6A766D076B54F9E /* Pods-RememberViewCode-RememberViewCodeUITests.release.xcconfig */;
			buildSettings = {
				ALWAYS_EMBED_SWIFT_STANDARD_LIBRARIES = YES;
				CODE_SIGN_STYLE = Automatic;
				CURRENT_PROJECT_VERSION = 1;
				DEVELOPMENT_TEAM = MDDP3J8FL2;
				GENERATE_INFOPLIST_FILE = YES;
				MARKETING_VERSION = 1.0;
				PRODUCT_BUNDLE_IDENTIFIER = blackbeard.RememberViewCodeUITests;
				PRODUCT_NAME = "$(TARGET_NAME)";
				SWIFT_EMIT_LOC_STRINGS = NO;
				SWIFT_VERSION = 5.0;
				TARGETED_DEVICE_FAMILY = "1,2";
				TEST_TARGET_NAME = RememberViewCode;
			};
			name = Release;
		};
/* End XCBuildConfiguration section */

/* Begin XCConfigurationList section */
		A41D70F32A50B02E00E889C1 /* Build configuration list for PBXProject "RememberViewCode" */ = {
			isa = XCConfigurationList;
			buildConfigurations = (
				A41D71202A50B03000E889C1 /* Debug */,
				A41D71212A50B03000E889C1 /* Release */,
			);
			defaultConfigurationIsVisible = 0;
			defaultConfigurationName = Release;
		};
		A41D71222A50B03000E889C1 /* Build configuration list for PBXNativeTarget "RememberViewCode" */ = {
			isa = XCConfigurationList;
			buildConfigurations = (
				A41D71232A50B03000E889C1 /* Debug */,
				A41D71242A50B03000E889C1 /* Release */,
			);
			defaultConfigurationIsVisible = 0;
			defaultConfigurationName = Release;
		};
		A41D71252A50B03000E889C1 /* Build configuration list for PBXNativeTarget "RememberViewCodeTests" */ = {
			isa = XCConfigurationList;
			buildConfigurations = (
				A41D71262A50B03000E889C1 /* Debug */,
				A41D71272A50B03000E889C1 /* Release */,
			);
			defaultConfigurationIsVisible = 0;
			defaultConfigurationName = Release;
		};
		A41D71282A50B03000E889C1 /* Build configuration list for PBXNativeTarget "RememberViewCodeUITests" */ = {
			isa = XCConfigurationList;
			buildConfigurations = (
				A41D71292A50B03000E889C1 /* Debug */,
				A41D712A2A50B03000E889C1 /* Release */,
			);
			defaultConfigurationIsVisible = 0;
			defaultConfigurationName = Release;
		};
/* End XCConfigurationList section */
	};
	rootObject = A41D70F02A50B02E00E889C1 /* Project object */;
}
